<Solution>
  <Folder Name="/Solutions/">
    <Project Path="IsTheNumberEvenOrNot/IsTheNumberEvenOrNot.csproj" />
    <Project Path="LargerNumber/LargerNumber.csproj" Id="9dceded3-8a4b-4368-aadd-33120c7884af" />
    <Project Path="SortNumber/SortNumber.csproj" Id="4e744db6-65df-43b4-b969-9f59921aba9e" />
  </Folder>
</Solution>
